<Project xmlns="http://schemas.microsoft.com/developer/msbuild/2003">
    <PropertyGroup>
        <ProjectGuid>{168fc9d3-815a-4cf2-b5fc-82348edf69eb}</ProjectGuid>
        <Configuration Condition=" '$(Configuration)' == '' ">Debug</Configuration>
        <DCC_DCCCompiler>DCC32</DCC_DCCCompiler>
        <DCC_DependencyCheckOutputName>Nikita.exe</DCC_DependencyCheckOutputName>
        <MainSource>Nikita.dpr</MainSource>
        <FrameworkType>VCL</FrameworkType>
        <ProjectVersion>18.3</ProjectVersion>
        <Base>True</Base>
        <Config Condition="'$(Config)'==''">Debug</Config>
        <Platform Condition="'$(Platform)'==''">Win32</Platform>
        <TargetedPlatforms>1153</TargetedPlatforms>
        <AppType>Application</AppType>
    </PropertyGroup>
    <PropertyGroup Condition="'$(Config)'=='Base' or '$(Base)'!=''">
        <Base>true</Base>
    </PropertyGroup>
    <PropertyGroup Condition="('$(Platform)'=='Win32' and '$(Base)'=='true') or '$(Base_Win32)'!=''">
        <Base_Win32>true</Base_Win32>
        <CfgParent>Base</CfgParent>
        <Base>true</Base>
    </PropertyGroup>
    <PropertyGroup Condition="('$(Platform)'=='Win64' and '$(Base)'=='true') or '$(Base_Win64)'!=''">
        <Base_Win64>true</Base_Win64>
        <CfgParent>Base</CfgParent>
        <Base>true</Base>
    </PropertyGroup>
    <PropertyGroup Condition="'$(Config)'=='Release' or '$(Cfg_1)'!=''">
        <Cfg_1>true</Cfg_1>
        <CfgParent>Base</CfgParent>
        <Base>true</Base>
    </PropertyGroup>
    <PropertyGroup Condition="('$(Platform)'=='Win32' and '$(Cfg_1)'=='true') or '$(Cfg_1_Win32)'!=''">
        <Cfg_1_Win32>true</Cfg_1_Win32>
        <CfgParent>Cfg_1</CfgParent>
        <Cfg_1>true</Cfg_1>
        <Base>true</Base>
    </PropertyGroup>
    <PropertyGroup Condition="'$(Config)'=='Debug' or '$(Cfg_2)'!=''">
        <Cfg_2>true</Cfg_2>
        <CfgParent>Base</CfgParent>
        <Base>true</Base>
    </PropertyGroup>
    <PropertyGroup Condition="('$(Platform)'=='iOSDevice64' and '$(Cfg_2)'=='true') or '$(Cfg_2_iOSDevice64)'!=''">
        <Cfg_2_iOSDevice64>true</Cfg_2_iOSDevice64>
        <CfgParent>Cfg_2</CfgParent>
        <Cfg_2>true</Cfg_2>
        <Base>true</Base>
    </PropertyGroup>
    <PropertyGroup Condition="('$(Platform)'=='Win32' and '$(Cfg_2)'=='true') or '$(Cfg_2_Win32)'!=''">
        <Cfg_2_Win32>true</Cfg_2_Win32>
        <CfgParent>Cfg_2</CfgParent>
        <Cfg_2>true</Cfg_2>
        <Base>true</Base>
    </PropertyGroup>
    <PropertyGroup Condition="'$(Base)'!=''">
        <SanitizedProjectName>Nikita</SanitizedProjectName>
        <DCC_Namespace>Vcl;Vcl.Imaging;Vcl.Touch;Vcl.Samples;Vcl.Shell;System;Xml;Data;Datasnap;Web;Soap;Winapi;Data.Win;Xml.Win;System.Win;$(DCC_Namespace)</DCC_Namespace>
        <VerInfo_IncludeVerInfo>true</VerInfo_IncludeVerInfo>
        <VerInfo_AutoGenVersion>true</VerInfo_AutoGenVersion>
        <VerInfo_Build>414</VerInfo_Build>
        <VerInfo_Locale>1049</VerInfo_Locale>
        <VerInfo_Keys>CompanyName=;FileDescription=;FileVersion=1.0.0.414;InternalName=;LegalCopyright=;LegalTrademarks=;OriginalFilename=;ProductName=;ProductVersion=1.0.0.0;Comments=</VerInfo_Keys>
        <DCC_OutputDRCFile>true</DCC_OutputDRCFile>
    </PropertyGroup>
    <PropertyGroup Condition="'$(Base_Win32)'!=''">
        <DCC_Namespace>Datasnap.Win;Web.Win;Soap.Win;Bde;$(DCC_Namespace)</DCC_Namespace>
        <BT_BuildType>Debug</BT_BuildType>
        <VerInfo_IncludeVerInfo>true</VerInfo_IncludeVerInfo>
        <VerInfo_Keys>CompanyName=;FileDescription=$(MSBuildProjectName);FileVersion=1.0.0.0;InternalName=;LegalCopyright=;LegalTrademarks=;OriginalFilename=;ProductName=$(MSBuildProjectName);ProductVersion=1.0.0.0;Comments=;ProgramID=com.embarcadero.$(MSBuildProjectName)</VerInfo_Keys>
        <VerInfo_Locale>1033</VerInfo_Locale>
        <Manifest_File>$(BDS)\bin\default_app.manifest</Manifest_File>
        <Icon_MainIcon>Nikita_Icon.ico</Icon_MainIcon>
        <AppEnableRuntimeThemes>true</AppEnableRuntimeThemes>
        <UWP_DelphiLogo44>$(BDS)\bin\Artwork\Windows\UWP\delphi_UwpDefault_44.png</UWP_DelphiLogo44>
        <UWP_DelphiLogo150>$(BDS)\bin\Artwork\Windows\UWP\delphi_UwpDefault_150.png</UWP_DelphiLogo150>
    </PropertyGroup>
    <PropertyGroup Condition="'$(Base_Win64)'!=''">
        <Manifest_File>$(BDS)\bin\default_app.manifest</Manifest_File>
        <Icon_MainIcon>Nikita_Icon.ico</Icon_MainIcon>
        <AppEnableRuntimeThemes>true</AppEnableRuntimeThemes>
        <UWP_DelphiLogo44>$(BDS)\bin\Artwork\Windows\UWP\delphi_UwpDefault_44.png</UWP_DelphiLogo44>
        <UWP_DelphiLogo150>$(BDS)\bin\Artwork\Windows\UWP\delphi_UwpDefault_150.png</UWP_DelphiLogo150>
    </PropertyGroup>
    <PropertyGroup Condition="'$(Cfg_1)'!=''">
        <Version>7.0</Version>
        <DCC_LocalDebugSymbols>False</DCC_LocalDebugSymbols>
        <DCC_SymbolReferenceInfo>0</DCC_SymbolReferenceInfo>
        <DCC_Define>RELEASE;$(DCC_Define)</DCC_Define>
        <DCC_MapFile>3</DCC_MapFile>
        <DCC_DebugInformation>0</DCC_DebugInformation>
    </PropertyGroup>
    <PropertyGroup Condition="'$(Cfg_1_Win32)'!=''">
        <AppEnableRuntimeThemes>true</AppEnableRuntimeThemes>
        <AppEnableHighDPI>true</AppEnableHighDPI>
    </PropertyGroup>
    <PropertyGroup Condition="'$(Cfg_2)'!=''">
        <Version>7.0</Version>
        <DCC_Define>DEBUG;$(DCC_Define)</DCC_Define>
        <DCC_MapFile>3</DCC_MapFile>
    </PropertyGroup>
    <PropertyGroup Condition="'$(Cfg_2_iOSDevice64)'!=''">
        <BT_BuildType>Debug</BT_BuildType>
    </PropertyGroup>
    <PropertyGroup Condition="'$(Cfg_2_Win32)'!=''">
        <AppEnableRuntimeThemes>true</AppEnableRuntimeThemes>
        <AppEnableHighDPI>true</AppEnableHighDPI>
    </PropertyGroup>
    <ProjectExtensions>
        <Borland.Personality>Delphi.Personality.12</Borland.Personality>
        <Borland.ProjectType/>
        <BorlandProject>
            <Delphi.Personality>
                <Parameters>
                    <Parameters Name="UseLauncher">False</Parameters>
                    <Parameters Name="LoadAllSymbols">True</Parameters>
                    <Parameters Name="LoadUnspecifiedSymbols">False</Parameters>
                </Parameters>
                <VersionInfo>
                    <VersionInfo Name="IncludeVerInfo">True</VersionInfo>
                    <VersionInfo Name="AutoIncBuild">True</VersionInfo>
                    <VersionInfo Name="MajorVer">1</VersionInfo>
                    <VersionInfo Name="MinorVer">0</VersionInfo>
                    <VersionInfo Name="Release">0</VersionInfo>
                    <VersionInfo Name="Build">414</VersionInfo>
                    <VersionInfo Name="Debug">False</VersionInfo>
                    <VersionInfo Name="PreRelease">False</VersionInfo>
                    <VersionInfo Name="Special">False</VersionInfo>
                    <VersionInfo Name="Private">False</VersionInfo>
                    <VersionInfo Name="DLL">False</VersionInfo>
                    <VersionInfo Name="Locale">1049</VersionInfo>
                    <VersionInfo Name="CodePage">1251</VersionInfo>
                </VersionInfo>
                <VersionInfoKeys>
                    <VersionInfoKeys Name="CompanyName"/>
                    <VersionInfoKeys Name="FileDescription"/>
                    <VersionInfoKeys Name="FileVersion">1.0.0.414</VersionInfoKeys>
                    <VersionInfoKeys Name="InternalName"/>
                    <VersionInfoKeys Name="LegalCopyright"/>
                    <VersionInfoKeys Name="LegalTrademarks"/>
                    <VersionInfoKeys Name="OriginalFilename"/>
                    <VersionInfoKeys Name="ProductName"/>
                    <VersionInfoKeys Name="ProductVersion">1.0.0.0</VersionInfoKeys>
                    <VersionInfoKeys Name="Comments"/>
                </VersionInfoKeys>
                <Source>
                    <Source Name="MainSource">Nikita.dpr</Source>
                </Source>
                <Excluded_Packages>
                    <Excluded_Packages Name="$(BDSBIN)\bcboffice2k100.bpl">CodeGear C++Builder Office 2000 Servers Package</Excluded_Packages>
                    <Excluded_Packages Name="$(BDSBIN)\bcbofficexp100.bpl">CodeGear C++Builder Office XP Servers Package</Excluded_Packages>
                    <Excluded_Packages Name="$(BDSBIN)\dcloffice2k100.bpl">Microsoft Office 2000 Sample Automation Server Wrapper Components</Excluded_Packages>
                    <Excluded_Packages Name="$(BDSBIN)\dclofficexp100.bpl">Microsoft Office XP Sample Automation Server Wrapper Components</Excluded_Packages>
                </Excluded_Packages>
            </Delphi.Personality>
            <ModelSupport>False</ModelSupport>
            <Platforms>
                <Platform value="iOSDevice64">True</Platform>
                <Platform value="Linux64">True</Platform>
                <Platform value="Win32">True</Platform>
                <Platform value="Win64">False</Platform>
            </Platforms>
        </BorlandProject>
        <ProjectFileVersion>12</ProjectFileVersion>
    </ProjectExtensions>
    <Import Project="$(BDS)\Bin\CodeGear.Delphi.Targets"/>
    <ItemGroup>
        <DelphiCompile Include="$(MainSource)">
            <MainSource>MainSource</MainSource>
        </DelphiCompile>
        <RcCompile Include="Resource\resource.rc">
            <Form>Resource\resource.res</Form>
        </RcCompile>
        <DCCReference Include="UMainFrm.pas">
            <Form>FrmMain</Form>
        </DCCReference>
        <DCCReference Include="UDocClass.pas"/>
        <DCCReference Include="UInterfaces.pas"/>
        <DCCReference Include="UDM.pas">
            <Form>DM</Form>
            <DesignClass>TDataModule</DesignClass>
        </DCCReference>
        <DCCReference Include="UFrmPrototype.pas">
            <Form>FrmPrototype</Form>
        </DCCReference>
        <DCCReference Include="UFrmDocInpList.pas">
            <Form>FrmListInputDocs</Form>
        </DCCReference>
        <DCCReference Include="UFrmInputDoc.pas">
            <Form>FrmInputDoc</Form>
        </DCCReference>
        <DCCReference Include="UFrmNsiPartner.pas">
            <Form>FrmNsiPartner</Form>
        </DCCReference>
        <DCCReference Include="UNsiClass.pas"/>
        <DCCReference Include="UPublic.pas"/>
        <DCCReference Include="UFrmNsiParnerEdit.pas">
            <Form>FrmNsiParnerEdit</Form>
        </DCCReference>
        <DCCReference Include="UFrmNsiGoods.pas">
            <Form>FrmNsiGoods</Form>
        </DCCReference>
        <DCCReference Include="UFrmNsiGoodsEdit.pas">
            <Form>FrmNsiGoodsEdit</Form>
        </DCCReference>
        <DCCReference Include="UFramNsiGoodsGrp.pas">
            <Form>FramNsiGoodsGrp</Form>
            <DesignClass>TFrame</DesignClass>
        </DCCReference>
        <DCCReference Include="UfrmEdinNsiGrp.pas">
            <Form>frmEdinNsiGrp</Form>
        </DCCReference>
        <DCCReference Include="UFrmDocOutList.pas">
            <Form>FrmDocOutList</Form>
        </DCCReference>
        <DCCReference Include="UFrmOutputDoc.pas">
            <Form>FrmOutputDoc</Form>
        </DCCReference>
        <DCCReference Include="UfrmNsiPrice.pas">
            <Form>frmNsiPrice</Form>
        </DCCReference>
        <DCCReference Include="UFrmImport.pas">
            <Form>FrmImport</Form>
        </DCCReference>
        <DCCReference Include="UFrmCalcPrice.pas">
            <Form>FrmCalcPrice</Form>
        </DCCReference>
        <DCCReference Include="UFrmNsiSklad.pas">
            <Form>FrmNsiSklad</Form>
        </DCCReference>
        <DCCReference Include="UFrmNsiBank.pas">
            <Form>FrmNsiBank</Form>
        </DCCReference>
        <DCCReference Include="UFrmNsiBankEdit.pas">
            <Form>FrmNsiBankEdit</Form>
        </DCCReference>
        <DCCReference Include="UFrmZapas.pas">
            <Form>FrmZapas</Form>
        </DCCReference>
        <DCCReference Include="UFrmNsiSkladEdit.pas">
            <Form>FrmNsiSkladEdit</Form>
        </DCCReference>
        <DCCReference Include="uPassWord.pas">
            <Form>PasswordDlg</Form>
        </DCCReference>
        <DCCReference Include="UFrmNsiPriceEd.pas">
            <Form>FrmNsiPriceEd</Form>
        </DCCReference>
        <DCCReference Include="UFrmDocPriceList.pas">
            <Form>FrmDocPriceList</Form>
        </DCCReference>
        <DCCReference Include="UFrmPriceDoc.pas">
            <Form>FrmPriceDoc</Form>
        </DCCReference>
        <DCCReference Include="uDlgCopyDoc2Price.pas">
            <Form>DlgCopyDoc2Price</Form>
        </DCCReference>
        <DCCReference Include="UFrmInputDocBack.pas">
            <Form>FrmInputDocBack</Form>
        </DCCReference>
        <DCCReference Include="UFrmImportSource.pas">
            <Form>FrmImportSource</Form>
        </DCCReference>
        <DCCReference Include="UFrmInputPayList.pas">
            <Form>FrmInputPayList</Form>
        </DCCReference>
        <DCCReference Include="UFrmInputPay.pas">
            <Form>FrmInputPay</Form>
        </DCCReference>
        <DCCReference Include="UFrmMoveDocList.pas">
            <Form>FrmMoveDocList</Form>
        </DCCReference>
        <DCCReference Include="UFrmMoveDoc.pas">
            <Form>FrmMoveDoc</Form>
        </DCCReference>
        <DCCReference Include="UFrmRoznSale.pas">
            <Form>FrmRoznSale</Form>
        </DCCReference>
        <DCCReference Include="uDlgPeriod.pas">
            <Form>DlgPeriod</Form>
        </DCCReference>
        <DCCReference Include="UFrmImportProp.pas">
            <Form>FrmImportProp</Form>
        </DCCReference>
        <DCCReference Include="UFrmErrorImport.pas">
            <Form>FrmErrorImport</Form>
        </DCCReference>
        <DCCReference Include="UFrmEditInventory.pas">
            <Form>FrmEditInventory</Form>
        </DCCReference>
        <DCCReference Include="UFrmInventoryList.pas">
            <Form>FrmInventoryList</Form>
        </DCCReference>
        <DCCReference Include="UFrmEditInventoryDoc.pas">
            <Form>FrmEditInventoryDoc</Form>
        </DCCReference>
        <DCCReference Include="UFrmListBack.pas">
            <Form>FrmListBack</Form>
        </DCCReference>
        <DCCReference Include="UFrmDocOutBackList.pas">
            <Form>FrmDocOutBackList</Form>
        </DCCReference>
        <DCCReference Include="uAboutBox.pas">
            <Form>AboutBox</Form>
        </DCCReference>
        <DCCReference Include="UFrmOutDocBack.pas">
            <Form>FrmOutDocBack</Form>
        </DCCReference>
        <DCCReference Include="UFrmOutputPayList.pas">
            <Form>FrmOutputPayList</Form>
        </DCCReference>
        <DCCReference Include="UFrmOutputPay.pas">
            <Form>FrmOutputPay</Form>
        </DCCReference>
        <DCCReference Include="uDlgSaveZapas.pas">
            <Form>DlgSaveZapas</Form>
        </DCCReference>
        <DCCReference Include="uDlgLoadPicture.pas">
            <Form>DlgLoadPicture</Form>
        </DCCReference>
        <DCCReference Include="UFrmMoveDocSpisan.pas">
            <Form>FrmMoveDocSpisan</Form>
        </DCCReference>
        <DCCReference Include="UFrmMoveDocListSpisan.pas">
            <Form>FrmMoveDocListSpisan</Form>
        </DCCReference>
        <DCCReference Include="UFrmMoveDocPrihod.pas">
            <Form>FrmMoveDocPrihod</Form>
        </DCCReference>
        <DCCReference Include="UFrmMoveDocListPrihod.pas">
            <Form>FrmMoveDocListPrihod</Form>
        </DCCReference>
        <DCCReference Include="UFrmDocList_template.pas">
            <Form>FrmDocList_template</Form>
        </DCCReference>
        <DCCReference Include="UFrmTemplateDoc.pas">
            <Form>FrmTemplateDoc</Form>
        </DCCReference>
        <DCCReference Include="UFrmNsiDiscount.pas">
            <Form>FrmNsiDiscount</Form>
        </DCCReference>
        <DCCReference Include="UFrmNSIDiscountCardList.pas">
            <Form>FrmNSIDiscountCardList</Form>
        </DCCReference>
        <DCCReference Include="uDlgKKMReport.pas">
            <Form>DlgKKMReport</Form>
        </DCCReference>
        <DCCReference Include="UTypes.pas"/>
        <DCCReference Include="UDlgSave.pas">
            <Form>DlgSave</Form>
        </DCCReference>
        <DCCReference Include="UFrmNsiGoodsGrp.pas">
            <Form>FrmNsiGoodsGrp</Form>
        </DCCReference>
        <DCCReference Include="UFrmViewDoc.pas">
            <Form>FrmViewDoc</Form>
        </DCCReference>
        <DCCReference Include="UFramGoodCard.pas">
            <Form>FramGoodCard</Form>
            <DesignClass>TFrame</DesignClass>
        </DCCReference>
        <DCCReference Include="UFrmNSIGoodType.pas">
            <Form>FrmNSIGoodType</Form>
        </DCCReference>
        <DCCReference Include="UFrmListInputDocsHz.pas">
            <Form>FrmListInputDocsHz</Form>
        </DCCReference>
        <DCCReference Include="uFrmDocOutListHz.pas">
            <Form>FrmDocOutListHz</Form>
        </DCCReference>
        <DCCReference Include="UFrmNSIDocProperty.pas">
            <Form>FrmNSIDocProperty</Form>
        </DCCReference>
        <DCCReference Include="uContextPasswordDlg.pas">
            <Form>ContextPasswordDlg</Form>
        </DCCReference>
        <DCCReference Include="UFrmConsole.pas">
            <Form>FrmConsole</Form>
        </DCCReference>
        <DCCReference Include="UThrRefreshNsi.pas"/>
        <DCCReference Include="UFrmNSIGoodsInfo.pas">
            <Form>FrmNSIGoodsInfo</Form>
        </DCCReference>
        <DCCReference Include="UFramBufer.pas">
            <Form>FramBufer</Form>
            <DesignClass>TFrame</DesignClass>
        </DCCReference>
        <DCCReference Include="UFrmZapasNEw.pas">
            <Form>FrmZapasNEw</Form>
        </DCCReference>
        <DCCReference Include="UFrmProgress.pas">
            <Form>FrmProgress</Form>
        </DCCReference>
        <DCCReference Include="UFrmRoznList.pas">
            <Form>FrmRoznList</Form>
        </DCCReference>
        <DCCReference Include="UFrmNSIGoodsLinks.pas">
            <Form>FrmNSIGoodsLinks</Form>
        </DCCReference>
        <DCCReference Include="UFrmNSIGoodAttributes.pas">
            <Form>FrmNSIGoodAttributes</Form>
        </DCCReference>
        <DCCReference Include="UFrmDocView.pas">
            <Form>FrmDocView</Form>
        </DCCReference>
        <DCCReference Include="UFrmDocSpisan.pas">
            <Form>FrmDocSpisan</Form>
        </DCCReference>
        <DCCReference Include="uDlgImportInputDoc.pas">
            <Form>DlgImportInputDoc</Form>
        </DCCReference>
        <DCCReference Include="UMy_types.pas">
            <Form>,
  DriverError in &apos;ShtrihDrv\DriverError.pas&apos;,
  DriverTypes in &apos;ShtrihDrv\DriverTypes.pas&apos;,
  DrvFRLib_TLB in &apos;ShtrihDrv\DrvFRLib_TLB.pas&apos;,
  GlobalConst in &apos;ShtrihDrv\GlobalConst.pas&apos;,
  LogFile in &apos;ShtrihDrv\LogFile.pas&apos;,
  RegExpr in &apos;ShtrihDrv\RegExpr.pas&apos;,
  SMDrvFR1CLib_TLB in &apos;ShtrihDrv\SMDrvFR1CLib_TLB.pas&apos; {/  StringUtils in &apos;ShtrihDrv\StringUtils.pas&apos;;</Form>
        </DCCReference>
        <DCCReference Include="uDlgShtrihProperty.pas">
            <Form>DlgShtrihProperty</Form>
        </DCCReference>
        <DCCReference Include="UFrmInputDocBackRozn.pas">
            <Form>FrmInputDocBackRozn</Form>
        </DCCReference>
        <BuildConfiguration Include="Debug">
            <Key>Cfg_2</Key>
            <CfgParent>Base</CfgParent>
        </BuildConfiguration>
        <BuildConfiguration Include="Base">
            <Key>Base</Key>
        </BuildConfiguration>
        <BuildConfiguration Include="Release">
            <Key>Cfg_1</Key>
            <CfgParent>Base</CfgParent>
        </BuildConfiguration>
    </ItemGroup>
    <Import Project="$(BDS)\Bin\CodeGear.Delphi.Targets" Condition="Exists('$(BDS)\Bin\CodeGear.Delphi.Targets')"/>
    <Import Project="$(APPDATA)\Embarcadero\$(BDSAPPDATABASEDIR)\$(PRODUCTVERSION)\UserTools.proj" Condition="Exists('$(APPDATA)\Embarcadero\$(BDSAPPDATABASEDIR)\$(PRODUCTVERSION)\UserTools.proj')"/>
</Project>
